// !$*UTF8*$!
{
	archiveVersion = 1;
	classes = {
	};
	objectVersion = 50;
	objects = {

/* Begin PBXBuildFile section */
		A5B931D422FC1E65008D4AA2 /* AppDelegate.swift in Sources */ = {isa = PBXBuildFile; fileRef = A5B931D322FC1E65008D4AA2 /* AppDelegate.swift */; };
		A5B931D622FC1E65008D4AA2 /* ViewController.swift in Sources */ = {isa = PBXBuildFile; fileRef = A5B931D522FC1E65008D4AA2 /* ViewController.swift */; };
		A5B931D922FC1E65008D4AA2 /* Main.storyboard in Resources */ = {isa = PBXBuildFile; fileRef = A5B931D722FC1E65008D4AA2 /* Main.storyboard */; };
		A5B931DB22FC1E68008D4AA2 /* Assets.xcassets in Resources */ = {isa = PBXBuildFile; fileRef = A5B931DA22FC1E68008D4AA2 /* Assets.xcassets */; };
		A5B931DE22FC1E68008D4AA2 /* LaunchScreen.storyboard in Resources */ = {isa = PBXBuildFile; fileRef = A5B931DC22FC1E68008D4AA2 /* LaunchScreen.storyboard */; };
		A5B931E922FC1E68008D4AA2 /* TImerTests.swift in Sources */ = {isa = PBXBuildFile; fileRef = A5B931E822FC1E68008D4AA2 /* TImerTests.swift */; };
		A5B931F422FC1E68008D4AA2 /* TImerUITests.swift in Sources */ = {isa = PBXBuildFile; fileRef = A5B931F322FC1E68008D4AA2 /* TImerUITests.swift */; };
/* End PBXBuildFile section */

/* Begin PBXContainerItemProxy section */
		A5B931E522FC1E68008D4AA2 /* PBXContainerItemProxy */ = {
			isa = PBXContainerItemProxy;
			containerPortal = A5B931C822FC1E65008D4AA2 /* Project object */;
			proxyType = 1;
			remoteGlobalIDString = A5B931CF22FC1E65008D4AA2;
			remoteInfo = TImer;
		};
		A5B931F022FC1E68008D4AA2 /* PBXContainerItemProxy */ = {
			isa = PBXContainerItemProxy;
			containerPortal = A5B931C822FC1E65008D4AA2 /* Project object */;
			proxyType = 1;
			remoteGlobalIDString = A5B931CF22FC1E65008D4AA2;
			remoteInfo = TImer;
		};
/* End PBXContainerItemProxy section */

/* Begin PBXFileReference section */
		A5B931D022FC1E65008D4AA2 /* TImer.app */ = {isa = PBXFileReference; explicitFileType = wrapper.application; includeInIndex = 0; path = TImer.app; sourceTree = BUILT_PRODUCTS_DIR; };
		A5B931D322FC1E65008D4AA2 /* AppDelegate.swift */ = {isa = PBXFileReference; lastKnownFileType = sourcecode.swift; path = AppDelegate.swift; sourceTree = "<group>"; };
		A5B931D522FC1E65008D4AA2 /* ViewController.swift */ = {isa = PBXFileReference; lastKnownFileType = sourcecode.swift; path = ViewController.swift; sourceTree = "<group>"; };
		A5B931D822FC1E65008D4AA2 /* Base */ = {isa = PBXFileReference; lastKnownFileType = file.storyboard; name = Base; path = Base.lproj/Main.storyboard; sourceTree = "<group>"; };
		A5B931DA22FC1E68008D4AA2 /* Assets.xcassets */ = {isa = PBXFileReference; lastKnownFileType = folder.assetcatalog; path = Assets.xcassets; sourceTree = "<group>"; };
		A5B931DD22FC1E68008D4AA2 /* Base */ = {isa = PBXFileReference; lastKnownFileType = file.storyboard; name = Base; path = Base.lproj/LaunchScreen.storyboard; sourceTree = "<group>"; };
		A5B931DF22FC1E68008D4AA2 /* Info.plist */ = {isa = PBXFileReference; lastKnownFileType = text.plist.xml; path = Info.plist; sourceTree = "<group>"; };
		A5B931E422FC1E68008D4AA2 /* TImerTests.xctest */ = {isa = PBXFileReference; explicitFileType = wrapper.cfbundle; includeInIndex = 0; path = TImerTests.xctest; sourceTree = BUILT_PRODUCTS_DIR; };
		A5B931E822FC1E68008D4AA2 /* TImerTests.swift */ = {isa = PBXFileReference; lastKnownFileType = sourcecode.swift; path = TImerTests.swift; sourceTree = "<group>"; };
		A5B931EA22FC1E68008D4AA2 /* Info.plist */ = {isa = PBXFileReference; lastKnownFileType = text.plist.xml; path = Info.plist; sourceTree = "<group>"; };
		A5B931EF22FC1E68008D4AA2 /* TImerUITests.xctest */ = {isa = PBXFileReference; explicitFileType = wrapper.cfbundle; includeInIndex = 0; path = TImerUITests.xctest; sourceTree = BUILT_PRODUCTS_DIR; };
		A5B931F322FC1E68008D4AA2 /* TImerUITests.swift */ = {isa = PBXFileReference; lastKnownFileType = sourcecode.swift; path = TImerUITests.swift; sourceTree = "<group>"; };
		A5B931F522FC1E68008D4AA2 /* Info.plist */ = {isa = PBXFileReference; lastKnownFileType = text.plist.xml; path = Info.plist; sourceTree = "<group>"; };
/* End PBXFileReference section */

/* Begin PBXFrameworksBuildPhase section */
		A5B931CD22FC1E65008D4AA2 /* Frameworks */ = {
			isa = PBXFrameworksBuildPhase;
			buildActionMask = 2147483647;
			files = (
			);
			runOnlyForDeploymentPostprocessing = 0;
		};
		A5B931E122FC1E68008D4AA2 /* Frameworks */ = {
			isa = PBXFrameworksBuildPhase;
			buildActionMask = 2147483647;
			files = (
			);
			runOnlyForDeploymentPostprocessing = 0;
		};
		A5B931EC22FC1E68008D4AA2 /* Frameworks */ = {
			isa = PBXFrameworksBuildPhase;
			buildActionMask = 2147483647;
			files = (
			);
			runOnlyForDeploymentPostprocessing = 0;
		};
/* End PBXFrameworksBuildPhase section */

/* Begin PBXGroup section */
		A5B931C722FC1E65008D4AA2 = {
			isa = PBXGroup;
			children = (
				A5B931D222FC1E65008D4AA2 /* TImer */,
				A5B931E722FC1E68008D4AA2 /* TImerTests */,
				A5B931F222FC1E68008D4AA2 /* TImerUITests */,
				A5B931D122FC1E65008D4AA2 /* Products */,
			);
			sourceTree = "<group>";
		};
		A5B931D122FC1E65008D4AA2 /* Products */ = {
			isa = PBXGroup;
			children = (
				A5B931D022FC1E65008D4AA2 /* TImer.app */,
				A5B931E422FC1E68008D4AA2 /* TImerTests.xctest */,
				A5B931EF22FC1E68008D4AA2 /* TImerUITests.xctest */,
			);
			name = Products;
			sourceTree = "<group>";
		};
		A5B931D222FC1E65008D4AA2 /* TImer */ = {
			isa = PBXGroup;
			children = (
				A5B931D322FC1E65008D4AA2 /* AppDelegate.swift */,
				A5B931D522FC1E65008D4AA2 /* ViewController.swift */,
				A5B931D722FC1E65008D4AA2 /* Main.storyboard */,
				A5B931DA22FC1E68008D4AA2 /* Assets.xcassets */,
				A5B931DC22FC1E68008D4AA2 /* LaunchScreen.storyboard */,
				A5B931DF22FC1E68008D4AA2 /* Info.plist */,
			);
			path = TImer;
			sourceTree = "<group>";
		};
		A5B931E722FC1E68008D4AA2 /* TImerTests */ = {
			isa = PBXGroup;
			children = (
				A5B931E822FC1E68008D4AA2 /* TImerTests.swift */,
				A5B931EA22FC1E68008D4AA2 /* Info.plist */,
			);
			path = TImerTests;
			sourceTree = "<group>";
		};
		A5B931F222FC1E68008D4AA2 /* TImerUITests */ = {
			isa = PBXGroup;
			children = (
				A5B931F322FC1E68008D4AA2 /* TImerUITests.swift */,
				A5B931F522FC1E68008D4AA2 /* Info.plist */,
			);
			path = TImerUITests;
			sourceTree = "<group>";
		};
/* End PBXGroup section */

/* Begin PBXNativeTarget section */
		A5B931CF22FC1E65008D4AA2 /* TImer */ = {
			isa = PBXNativeTarget;
			buildConfigurationList = A5B931F822FC1E68008D4AA2 /* Build configuration list for PBXNativeTarget "TImer" */;
			buildPhases = (
				A5B931CC22FC1E65008D4AA2 /* Sources */,
				A5B931CD22FC1E65008D4AA2 /* Frameworks */,
				A5B931CE22FC1E65008D4AA2 /* Resources */,
			);
			buildRules = (
			);
			dependencies = (
			);
			name = TImer;
			productName = TImer;
			productReference = A5B931D022FC1E65008D4AA2 /* TImer.app */;
			productType = "com.apple.product-type.application";
		};
		A5B931E322FC1E68008D4AA2 /* TImerTests */ = {
			isa = PBXNativeTarget;
			buildConfigurationList = A5B931FB22FC1E68008D4AA2 /* Build configuration list for PBXNativeTarget "TImerTests" */;
			buildPhases = (
				A5B931E022FC1E68008D4AA2 /* Sources */,
				A5B931E122FC1E68008D4AA2 /* Frameworks */,
				A5B931E222FC1E68008D4AA2 /* Resources */,
			);
			buildRules = (
			);
			dependencies = (
				A5B931E622FC1E68008D4AA2 /* PBXTargetDependency */,
			);
			name = TImerTests;
			productName = TImerTests;
			productReference = A5B931E422FC1E68008D4AA2 /* TImerTests.xctest */;
			productType = "com.apple.product-type.bundle.unit-test";
		};
		A5B931EE22FC1E68008D4AA2 /* TImerUITests */ = {
			isa = PBXNativeTarget;
			buildConfigurationList = A5B931FE22FC1E68008D4AA2 /* Build configuration list for PBXNativeTarget "TImerUITests" */;
			buildPhases = (
				A5B931EB22FC1E68008D4AA2 /* Sources */,
				A5B931EC22FC1E68008D4AA2 /* Frameworks */,
				A5B931ED22FC1E68008D4AA2 /* Resources */,
			);
			buildRules = (
			);
			dependencies = (
				A5B931F122FC1E68008D4AA2 /* PBXTargetDependency */,
			);
			name = TImerUITests;
			productName = TImerUITests;
			productReference = A5B931EF22FC1E68008D4AA2 /* TImerUITests.xctest */;
			productType = "com.apple.product-type.bundle.ui-testing";
		};
/* End PBXNativeTarget section */

/* Begin PBXProject section */
		A5B931C822FC1E65008D4AA2 /* Project object */ = {
			isa = PBXProject;
			attributes = {
				LastSwiftUpdateCheck = 1030;
				LastUpgradeCheck = 1030;
				ORGANIZATIONNAME = "Сергей";
				TargetAttributes = {
					A5B931CF22FC1E65008D4AA2 = {
						CreatedOnToolsVersion = 10.3;
					};
					A5B931E322FC1E68008D4AA2 = {
						CreatedOnToolsVersion = 10.3;
						TestTargetID = A5B931CF22FC1E65008D4AA2;
					};
					A5B931EE22FC1E68008D4AA2 = {
						CreatedOnToolsVersion = 10.3;
						TestTargetID = A5B931CF22FC1E65008D4AA2;
					};
				};
			};
			buildConfigurationList = A5B931CB22FC1E65008D4AA2 /* Build configuration list for PBXProject "TImer" */;
			compatibilityVersion = "Xcode 9.3";
			developmentRegion = en;
			hasScannedForEncodings = 0;
			knownRegions = (
				en,
				Base,
			);
			mainGroup = A5B931C722FC1E65008D4AA2;
			productRefGroup = A5B931D122FC1E65008D4AA2 /* Products */;
			projectDirPath = "";
			projectRoot = "";
			targets = (
				A5B931CF22FC1E65008D4AA2 /* TImer */,
				A5B931E322FC1E68008D4AA2 /* TImerTests */,
				A5B931EE22FC1E68008D4AA2 /* TImerUITests */,
			);
		};
/* End PBXProject section */

/* Begin PBXResourcesBuildPhase section */
		A5B931CE22FC1E65008D4AA2 /* Resources */ = {
			isa = PBXResourcesBuildPhase;
			buildActionMask = 2147483647;
			files = (
				A5B931DE22FC1E68008D4AA2 /* LaunchScreen.storyboard in Resources */,
				A5B931DB22FC1E68008D4AA2 /* Assets.xcassets in Resources */,
				A5B931D922FC1E65008D4AA2 /* Main.storyboard in Resources */,
			);
			runOnlyForDeploymentPostprocessing = 0;
		};
		A5B931E222FC1E68008D4AA2 /* Resources */ = {
			isa = PBXResourcesBuildPhase;
			buildActionMask = 2147483647;
			files = (
			);
			runOnlyForDeploymentPostprocessing = 0;
		};
		A5B931ED22FC1E68008D4AA2 /* Resources */ = {
			isa = PBXResourcesBuildPhase;
			buildActionMask = 2147483647;
			files = (
			);
			runOnlyForDeploymentPostprocessing = 0;
		};
/* End PBXResourcesBuildPhase section */

/* Begin PBXSourcesBuildPhase section */
		A5B931CC22FC1E65008D4AA2 /* Sources */ = {
			isa = PBXSourcesBuildPhase;
			buildActionMask = 2147483647;
			files = (
				A5B931D622FC1E65008D4AA2 /* ViewController.swift in Sources */,
				A5B931D422FC1E65008D4AA2 /* AppDelegate.swift in Sources */,
			);
			runOnlyForDeploymentPostprocessing = 0;
		};
		A5B931E022FC1E68008D4AA2 /* Sources */ = {
			isa = PBXSourcesBuildPhase;
			buildActionMask = 2147483647;
			files = (
				A5B931E922FC1E68008D4AA2 /* TImerTests.swift in Sources */,
			);
			runOnlyForDeploymentPostprocessing = 0;
		};
		A5B931EB22FC1E68008D4AA2 /* Sources */ = {
			isa = PBXSourcesBuildPhase;
			buildActionMask = 2147483647;
			files = (
				A5B931F422FC1E68008D4AA2 /* TImerUITests.swift in Sources */,
			);
			runOnlyForDeploymentPostprocessing = 0;
		};
/* End PBXSourcesBuildPhase section */

/* Begin PBXTargetDependency section */
		A5B931E622FC1E68008D4AA2 /* PBXTargetDependency */ = {
			isa = PBXTargetDependency;
			target = A5B931CF22FC1E65008D4AA2 /* TImer */;
			targetProxy = A5B931E522FC1E68008D4AA2 /* PBXContainerItemProxy */;
		};
		A5B931F122FC1E68008D4AA2 /* PBXTargetDependency */ = {
			isa = PBXTargetDependency;
			target = A5B931CF22FC1E65008D4AA2 /* TImer */;
			targetProxy = A5B931F022FC1E68008D4AA2 /* PBXContainerItemProxy */;
		};
/* End PBXTargetDependency section */

/* Begin PBXVariantGroup section */
		A5B931D722FC1E65008D4AA2 /* Main.storyboard */ = {
			isa = PBXVariantGroup;
			children = (
				A5B931D822FC1E65008D4AA2 /* Base */,
			);
			name = Main.storyboard;
			sourceTree = "<group>";
		};
		A5B931DC22FC1E68008D4AA2 /* LaunchScreen.storyboard */ = {
			isa = PBXVariantGroup;
			children = (
				A5B931DD22FC1E68008D4AA2 /* Base */,
			);
			name = LaunchScreen.storyboard;
			sourceTree = "<group>";
		};
/* End PBXVariantGroup section */

/* Begin XCBuildConfiguration section */
		A5B931F622FC1E68008D4AA2 /* Debug */ = {
			isa = XCBuildConfiguration;
			buildSettings = {
				ALWAYS_SEARCH_USER_PATHS = NO;
				CLANG_ANALYZER_NONNULL = YES;
				CLANG_ANALYZER_NUMBER_OBJECT_CONVERSION = YES_AGGRESSIVE;
				CLANG_CXX_LANGUAGE_STANDARD = "gnu++14";
				CLANG_CXX_LIBRARY = "libc++";
				CLANG_ENABLE_MODULES = YES;
				CLANG_ENABLE_OBJC_ARC = YES;
				CLANG_ENABLE_OBJC_WEAK = YES;
				CLANG_WARN_BLOCK_CAPTURE_AUTORELEASING = YES;
				CLANG_WARN_BOOL_CONVERSION = YES;
				CLANG_WARN_COMMA = YES;
				CLANG_WARN_CONSTANT_CONVERSION = YES;
				CLANG_WARN_DEPRECATED_OBJC_IMPLEMENTATIONS = YES;
				CLANG_WARN_DIRECT_OBJC_ISA_USAGE = YES_ERROR;
				CLANG_WARN_DOCUMENTATION_COMMENTS = YES;
				CLANG_WARN_EMPTY_BODY = YES;
				CLANG_WARN_ENUM_CONVERSION = YES;
				CLANG_WARN_INFINITE_RECURSION = YES;
				CLANG_WARN_INT_CONVERSION = YES;
				CLANG_WARN_NON_LITERAL_NULL_CONVERSION = YES;
				CLANG_WARN_OBJC_IMPLICIT_RETAIN_SELF = YES;
				CLANG_WARN_OBJC_LITERAL_CONVERSION = YES;
				CLANG_WARN_OBJC_ROOT_CLASS = YES_ERROR;
				CLANG_WARN_RANGE_LOOP_ANALYSIS = YES;
				CLANG_WARN_STRICT_PROTOTYPES = YES;
				CLANG_WARN_SUSPICIOUS_MOVE = YES;
				CLANG_WARN_UNGUARDED_AVAILABILITY = YES_AGGRESSIVE;
				CLANG_WARN_UNREACHABLE_CODE = YES;
				CLANG_WARN__DUPLICATE_METHOD_MATCH = YES;
				CODE_SIGN_IDENTITY = "iPhone Developer";
				COPY_PHASE_STRIP = NO;
				DEBUG_INFORMATION_FORMAT = dwarf;
				ENABLE_STRICT_OBJC_MSGSEND = YES;
				ENABLE_TESTABILITY = YES;
				GCC_C_LANGUAGE_STANDARD = gnu11;
				GCC_DYNAMIC_NO_PIC = NO;
				GCC_NO_COMMON_BLOCKS = YES;
				GCC_OPTIMIZATION_LEVEL = 0;
				GCC_PREPROCESSOR_DEFINITIONS = (
					"DEBUG=1",
					"$(inherited)",
				);
				GCC_WARN_64_TO_32_BIT_CONVERSION = YES;
				GCC_WARN_ABOUT_RETURN_TYPE = YES_ERROR;
				GCC_WARN_UNDECLARED_SELECTOR = YES;
				GCC_WARN_UNINITIALIZED_AUTOS = YES_AGGRESSIVE;
				GCC_WARN_UNUSED_FUNCTION = YES;
				GCC_WARN_UNUSED_VARIABLE = YES;
				IPHONEOS_DEPLOYMENT_TARGET = 12.4;
				MTL_ENABLE_DEBUG_INFO = INCLUDE_SOURCE;
				MTL_FAST_MATH = YES;
				ONLY_ACTIVE_ARCH = YES;
				SDKROOT = iphoneos;
				SWIFT_ACTIVE_COMPILATION_CONDITIONS = DEBUG;
				SWIFT_OPTIMIZATION_LEVEL = "-Onone";
			};
			name = Debug;
		};
		A5B931F722FC1E68008D4AA2 /* Release */ = {
			isa = XCBuildConfiguration;
			buildSettings = {
				ALWAYS_SEARCH_USER_PATHS = NO;
				CLANG_ANALYZER_NONNULL = YES;
				CLANG_ANALYZER_NUMBER_OBJECT_CONVERSION = YES_AGGRESSIVE;
				CLANG_CXX_LANGUAGE_STANDARD = "gnu++14";
				CLANG_CXX_LIBRARY = "libc++";
				CLANG_ENABLE_MODULES = YES;
				CLANG_ENABLE_OBJC_ARC = YES;
				CLANG_ENABLE_OBJC_WEAK = YES;
				CLANG_WARN_BLOCK_CAPTURE_AUTORELEASING = YES;
				CLANG_WARN_BOOL_CONVERSION = YES;
				CLANG_WARN_COMMA = YES;
				CLANG_WARN_CONSTANT_CONVERSION = YES;
				CLANG_WARN_DEPRECATED_OBJC_IMPLEMENTATIONS = YES;
				CLANG_WARN_DIRECT_OBJC_ISA_USAGE = YES_ERROR;
				CLANG_WARN_DOCUMENTATION_COMMENTS = YES;
				CLANG_WARN_EMPTY_BODY = YES;
				CLANG_WARN_ENUM_CONVERSION = YES;
				CLANG_WARN_INFINITE_RECURSION = YES;
				CLANG_WARN_INT_CONVERSION = YES;
				CLANG_WARN_NON_LITERAL_NULL_CONVERSION = YES;
				CLANG_WARN_OBJC_IMPLICIT_RETAIN_SELF = YES;
				CLANG_WARN_OBJC_LITERAL_CONVERSION = YES;
				CLANG_WARN_OBJC_ROOT_CLASS = YES_ERROR;
				CLANG_WARN_RANGE_LOOP_ANALYSIS = YES;
				CLANG_WARN_STRICT_PROTOTYPES = YES;
				CLANG_WARN_SUSPICIOUS_MOVE = YES;
				CLANG_WARN_UNGUARDED_AVAILABILITY = YES_AGGRESSIVE;
				CLANG_WARN_UNREACHABLE_CODE = YES;
				CLANG_WARN__DUPLICATE_METHOD_MATCH = YES;
				CODE_SIGN_IDENTITY = "iPhone Developer";
				COPY_PHASE_STRIP = NO;
				DEBUG_INFORMATION_FORMAT = "dwarf-with-dsym";
				ENABLE_NS_ASSERTIONS = NO;
				ENABLE_STRICT_OBJC_MSGSEND = YES;
				GCC_C_LANGUAGE_STANDARD = gnu11;
				GCC_NO_COMMON_BLOCKS = YES;
				GCC_WARN_64_TO_32_BIT_CONVERSION = YES;
				GCC_WARN_ABOUT_RETURN_TYPE = YES_ERROR;
				GCC_WARN_UNDECLARED_SELECTOR = YES;
				GCC_WARN_UNINITIALIZED_AUTOS = YES_AGGRESSIVE;
				GCC_WARN_UNUSED_FUNCTION = YES;
				GCC_WARN_UNUSED_VARIABLE = YES;
				IPHONEOS_DEPLOYMENT_TARGET = 12.4;
				MTL_ENABLE_DEBUG_INFO = NO;
				MTL_FAST_MATH = YES;
				SDKROOT = iphoneos;
				SWIFT_COMPILATION_MODE = wholemodule;
				SWIFT_OPTIMIZATION_LEVEL = "-O";
				VALIDATE_PRODUCT = YES;
			};
			name = Release;
		};
		A5B931F922FC1E68008D4AA2 /* Debug */ = {
			isa = XCBuildConfiguration;
			buildSettings = {
				ASSETCATALOG_COMPILER_APPICON_NAME = AppIcon;
				CODE_SIGN_STYLE = Automatic;
				INFOPLIST_FILE = TImer/Info.plist;
				LD_RUNPATH_SEARCH_PATHS = (
					"$(inherited)",
					"@executable_path/Frameworks",
				);
				PRODUCT_BUNDLE_IDENTIFIER = "-1111.TImer";
				PRODUCT_NAME = "$(TARGET_NAME)";
				SWIFT_VERSION = 5.0;
				TARGETED_DEVICE_FAMILY = "1,2";
			};
			name = Debug;
		};
		A5B931FA22FC1E68008D4AA2 /* Release */ = {
			isa = XCBuildConfiguration;
			buildSettings = {
				ASSETCATALOG_COMPILER_APPICON_NAME = AppIcon;
				CODE_SIGN_STYLE = Automatic;
				INFOPLIST_FILE = TImer/Info.plist;
				LD_RUNPATH_SEARCH_PATHS = (
					"$(inherited)",
					"@executable_path/Frameworks",
				);
				PRODUCT_BUNDLE_IDENTIFIER = "-1111.TImer";
				PRODUCT_NAME = "$(TARGET_NAME)";
				SWIFT_VERSION = 5.0;
				TARGETED_DEVICE_FAMILY = "1,2";
			};
			name = Release;
		};
		A5B931FC22FC1E68008D4AA2 /* Debug */ = {
			isa = XCBuildConfiguration;
			buildSettings = {
				ALWAYS_EMBED_SWIFT_STANDARD_LIBRARIES = YES;
				BUNDLE_LOADER = "$(TEST_HOST)";
				CODE_SIGN_STYLE = Automatic;
				INFOPLIST_FILE = TImerTests/Info.plist;
				LD_RUNPATH_SEARCH_PATHS = (
					"$(inherited)",
					"@executable_path/Frameworks",
					"@loader_path/Frameworks",
				);
				PRODUCT_BUNDLE_IDENTIFIER = "-1111.TImerTests";
				PRODUCT_NAME = "$(TARGET_NAME)";
				SWIFT_VERSION = 5.0;
				TARGETED_DEVICE_FAMILY = "1,2";
				TEST_HOST = "$(BUILT_PRODUCTS_DIR)/TImer.app/TImer";
			};
			name = Debug;
		};
		A5B931FD22FC1E68008D4AA2 /* Release */ = {
			isa = XCBuildConfiguration;
			buildSettings = {
				ALWAYS_EMBED_SWIFT_STANDARD_LIBRARIES = YES;
				BUNDLE_LOADER = "$(TEST_HOST)";
				CODE_SIGN_STYLE = Automatic;
				INFOPLIST_FILE = TImerTests/Info.plist;
				LD_RUNPATH_SEARCH_PATHS = (
					"$(inherited)",
					"@executable_path/Frameworks",
					"@loader_path/Frameworks",
				);
				PRODUCT_BUNDLE_IDENTIFIER = "-1111.TImerTests";
				PRODUCT_NAME = "$(TARGET_NAME)";
				SWIFT_VERSION = 5.0;
				TARGETED_DEVICE_FAMILY = "1,2";
				TEST_HOST = "$(BUILT_PRODUCTS_DIR)/TImer.app/TImer";
			};
			name = Release;
		};
		A5B931FF22FC1E68008D4AA2 /* Debug */ = {
			isa = XCBuildConfiguration;
			buildSettings = {
				ALWAYS_EMBED_SWIFT_STANDARD_LIBRARIES = YES;
				CODE_SIGN_STYLE = Automatic;
				INFOPLIST_FILE = TImerUITests/Info.plist;
				LD_RUNPATH_SEARCH_PATHS = (
					"$(inherited)",
					"@executable_path/Frameworks",
					"@loader_path/Frameworks",
				);
				PRODUCT_BUNDLE_IDENTIFIER = "-1111.TImerUITests";
				PRODUCT_NAME = "$(TARGET_NAME)";
				SWIFT_VERSION = 5.0;
				TARGETED_DEVICE_FAMILY = "1,2";
				TEST_TARGET_NAME = TImer;
			};
			name = Debug;
		};
		A5B9320022FC1E68008D4AA2 /* Release */ = {
			isa = XCBuildConfiguration;
			buildSettings = {
				ALWAYS_EMBED_SWIFT_STANDARD_LIBRARIES = YES;
				CODE_SIGN_STYLE = Automatic;
				INFOPLIST_FILE = TImerUITests/Info.plist;
				LD_RUNPATH_SEARCH_PATHS = (
					"$(inherited)",
					"@executable_path/Frameworks",
					"@loader_path/Frameworks",
				);
				PRODUCT_BUNDLE_IDENTIFIER = "-1111.TImerUITests";
				PRODUCT_NAME = "$(TARGET_NAME)";
				SWIFT_VERSION = 5.0;
				TARGETED_DEVICE_FAMILY = "1,2";
				TEST_TARGET_NAME = TImer;
			};
			name = Release;
		};
/* End XCBuildConfiguration section */

/* Begin XCConfigurationList section */
		A5B931CB22FC1E65008D4AA2 /* Build configuration list for PBXProject "TImer" */ = {
			isa = XCConfigurationList;
			buildConfigurations = (
				A5B931F622FC1E68008D4AA2 /* Debug */,
				A5B931F722FC1E68008D4AA2 /* Release */,
			);
			defaultConfigurationIsVisible = 0;
			defaultConfigurationName = Release;
		};
		A5B931F822FC1E68008D4AA2 /* Build configuration list for PBXNativeTarget "TImer" */ = {
			isa = XCConfigurationList;
			buildConfigurations = (
				A5B931F922FC1E68008D4AA2 /* Debug */,
				A5B931FA22FC1E68008D4AA2 /* Release */,
			);
			defaultConfigurationIsVisible = 0;
			defaultConfigurationName = Release;
		};
		A5B931FB22FC1E68008D4AA2 /* Build configuration list for PBXNativeTarget "TImerTests" */ = {
			isa = XCConfigurationList;
			buildConfigurations = (
				A5B931FC22FC1E68008D4AA2 /* Debug */,
				A5B931FD22FC1E68008D4AA2 /* Release */,
			);
			defaultConfigurationIsVisible = 0;
			defaultConfigurationName = Release;
		};
		A5B931FE22FC1E68008D4AA2 /* Build configuration list for PBXNativeTarget "TImerUITests" */ = {
			isa = XCConfigurationList;
			buildConfigurations = (
				A5B931FF22FC1E68008D4AA2 /* Debug */,
				A5B9320022FC1E68008D4AA2 /* Release */,
			);
			defaultConfigurationIsVisible = 0;
			defaultConfigurationName = Release;
		};
/* End XCConfigurationList section */
	};
	rootObject = A5B931C822FC1E65008D4AA2 /* Project object */;
}
